
Microsoft Visual Studio Solution File, Format Version 12.00
# Visual Studio 15
Project("{FAE04EC0-301F-11D3-BF4B-00C04F79EFBC}") = "Assembly-CSharp", "Assembly-CSharp.csproj", "{93C5146E-06F1-C943-8817-6F0F36B335A5}"
EndProject
Project("{FAE04EC0-301F-11D3-BF4B-00C04F79EFBC}") = "SteamVR", "SteamVR.csproj", "{B6B6056E-2C01-16CA-6EB0-F8C5454CC7A5}"
EndProject
Project("{FAE04EC0-301F-11D3-BF4B-00C04F79EFBC}") = "SteamVR_Editor", "SteamVR_Editor.csproj", "{1B049B05-EF7C-9F19-0978-D1339C8CE7AD}"
EndProject
Project("{FAE04EC0-301F-11D3-BF4B-00C04F79EFBC}") = "SteamVR_Input_Editor", "SteamVR_Input_Editor.csproj", "{77E3BAB4-F6AB-9FCA-3462-A0CF6D3FCC32}"
EndProject
Project("{FAE04EC0-301F-11D3-BF4B-00C04F79EFBC}") = "Assembly-CSharp-Editor", "Assembly-CSharp-Editor.csproj", "{69F5F0A7-54B8-5F5C-93A6-C83E170A78DE}"
EndProject
Project("{FAE04EC0-301F-11D3-BF4B-00C04F79EFBC}") = "SteamVR_Windows_EditorHelper", "SteamVR_Windows_EditorHelper.csproj", "{47945A35-A1E6-FDC4-F3DC-3A0849909251}"
EndProject
Global
	GlobalSection(SolutionConfigurationPlatforms) = preSolution
		Debug|Any CPU = Debug|Any CPU
		Release|Any CPU = Release|Any CPU
	EndGlobalSection
	GlobalSection(ProjectConfigurationPlatforms) = postSolution
		{93C5146E-06F1-C943-8817-6F0F36B335A5}.Debug|Any CPU.ActiveCfg = Debug|Any CPU
		{93C5146E-06F1-C943-8817-6F0F36B335A5}.Debug|Any CPU.Build.0 = Debug|Any CPU
		{93C5146E-06F1-C943-8817-6F0F36B335A5}.Release|Any CPU.ActiveCfg = Release|Any CPU
		{93C5146E-06F1-C943-8817-6F0F36B335A5}.Release|Any CPU.Build.0 = Release|Any CPU
		{B6B6056E-2C01-16CA-6EB0-F8C5454CC7A5}.Debug|Any CPU.ActiveCfg = Debug|Any CPU
		{B6B6056E-2C01-16CA-6EB0-F8C5454CC7A5}.Debug|Any CPU.Build.0 = Debug|Any CPU
		{B6B6056E-2C01-16CA-6EB0-F8C5454CC7A5}.Release|Any CPU.ActiveCfg = Release|Any CPU
		{B6B6056E-2C01-16CA-6EB0-F8C5454CC7A5}.Release|Any CPU.Build.0 = Release|Any CPU
		{1B049B05-EF7C-9F19-0978-D1339C8CE7AD}.Debug|Any CPU.ActiveCfg = Debug|Any CPU
		{1B049B05-EF7C-9F19-0978-D1339C8CE7AD}.Debug|Any CPU.Build.0 = Debug|Any CPU
		{1B049B05-EF7C-9F19-0978-D1339C8CE7AD}.Release|Any CPU.ActiveCfg = Release|Any CPU
		{1B049B05-EF7C-9F19-0978-D1339C8CE7AD}.Release|Any CPU.Build.0 = Release|Any CPU
		{77E3BAB4-F6AB-9FCA-3462-A0CF6D3FCC32}.Debug|Any CPU.ActiveCfg = Debug|Any CPU
		{77E3BAB4-F6AB-9FCA-3462-A0CF6D3FCC32}.Debug|Any CPU.Build.0 = Debug|Any CPU
		{77E3BAB4-F6AB-9FCA-3462-A0CF6D3FCC32}.Release|Any CPU.ActiveCfg = Release|Any CPU
		{77E3BAB4-F6AB-9FCA-3462-A0CF6D3FCC32}.Release|Any CPU.Build.0 = Release|Any CPU
		{69F5F0A7-54B8-5F5C-93A6-C83E170A78DE}.Debug|Any CPU.ActiveCfg = Debug|Any CPU
		{69F5F0A7-54B8-5F5C-93A6-C83E170A78DE}.Debug|Any CPU.Build.0 = Debug|Any CPU
		{69F5F0A7-54B8-5F5C-93A6-C83E170A78DE}.Release|Any CPU.ActiveCfg = Release|Any CPU
		{69F5F0A7-54B8-5F5C-93A6-C83E170A78DE}.Release|Any CPU.Build.0 = Release|Any CPU
		{47945A35-A1E6-FDC4-F3DC-3A0849909251}.Debug|Any CPU.ActiveCfg = Debug|Any CPU
		{47945A35-A1E6-FDC4-F3DC-3A0849909251}.Debug|Any CPU.Build.0 = Debug|Any CPU
		{47945A35-A1E6-FDC4-F3DC-3A0849909251}.Release|Any CPU.ActiveCfg = Release|Any CPU
		{47945A35-A1E6-FDC4-F3DC-3A0849909251}.Release|Any CPU.Build.0 = Release|Any CPU
	EndGlobalSection
	GlobalSection(SolutionProperties) = preSolution
		HideSolutionNode = FALSE
	EndGlobalSection
EndGlobal
